
Microsoft Visual Studio Solution File, Format Version 12.00
# Visual Studio Version 16
VisualStudioVersion = 16.0.31624.102
MinimumVisualStudioVersion = 10.0.40219.1
Project("{FAE04EC0-301F-11D3-BF4B-00C04F79EFBC}") = "Constructors", "Constructors.csproj", "{73C0030C-91FA-4C89-9210-A57F0BCD2A81}"
EndProject
Global
	GlobalSection(SolutionConfigurationPlatforms) = preSolution
		Debug|Any CPU = Debug|Any CPU
		Release|Any CPU = Release|Any CPU
	EndGlobalSection
	GlobalSection(ProjectConfigurationPlatforms) = postSolution
		{73C0030C-91FA-4C89-9210-A57F0BCD2A81}.Debug|Any CPU.ActiveCfg = Debug|Any CPU
		{73C0030C-91FA-4C89-9210-A57F0BCD2A81}.Debug|Any CPU.Build.0 = Debug|Any CPU
		{73C0030C-91FA-4C89-9210-A57F0BCD2A81}.Release|Any CPU.ActiveCfg = Release|Any CPU
		{73C0030C-91FA-4C89-9210-A57F0BCD2A81}.Release|Any CPU.Build.0 = Release|Any CPU
	EndGlobalSection
	GlobalSection(SolutionProperties) = preSolution
		HideSolutionNode = FALSE
	EndGlobalSection
	GlobalSection(ExtensibilityGlobals) = postSolution
		SolutionGuid = {84060B6D-D91A-4EAE-9E64-0D7C7D0DDF25}
	EndGlobalSection
EndGlobal
